
Microsoft Visual Studio Solution File, Format Version 12.00
# Visual Studio Version 16
VisualStudioVersion = 16.0.31911.196
MinimumVisualStudioVersion = 10.0.40219.1
Project("{FAE04EC0-301F-11D3-BF4B-00C04F79EFBC}") = "Hollow", "Hollow\Hollow.csproj", "{E6062E37-F9D3-4B56-806E-DDD265F6E1BC}"
EndProject
Global
	GlobalSection(SolutionConfigurationPlatforms) = preSolution
		Debug|Any CPU = Debug|Any CPU
		Debug|x64 = Debug|x64
		Release|Any CPU = Release|Any CPU
		Release|x64 = Release|x64
	EndGlobalSection
	GlobalSection(ProjectConfigurationPlatforms) = postSolution
		{E6062E37-F9D3-4B56-806E-DDD265F6E1BC}.Debug|Any CPU.ActiveCfg = Release|Any CPU
		{E6062E37-F9D3-4B56-806E-DDD265F6E1BC}.Debug|Any CPU.Build.0 = Release|Any CPU
		{E6062E37-F9D3-4B56-806E-DDD265F6E1BC}.Debug|x64.ActiveCfg = Debug|x64
		{E6062E37-F9D3-4B56-806E-DDD265F6E1BC}.Debug|x64.Build.0 = Debug|x64
		{E6062E37-F9D3-4B56-806E-DDD265F6E1BC}.Release|Any CPU.ActiveCfg = Release|Any CPU
		{E6062E37-F9D3-4B56-806E-DDD265F6E1BC}.Release|Any CPU.Build.0 = Release|Any CPU
		{E6062E37-F9D3-4B56-806E-DDD265F6E1BC}.Release|x64.ActiveCfg = Release|x64
		{E6062E37-F9D3-4B56-806E-DDD265F6E1BC}.Release|x64.Build.0 = Release|x64
	EndGlobalSection
	GlobalSection(SolutionProperties) = preSolution
		HideSolutionNode = FALSE
	EndGlobalSection
	GlobalSection(ExtensibilityGlobals) = postSolution
		SolutionGuid = {99CF8E5E-8900-46E6-8097-0A9DBEA1A0D3}
	EndGlobalSection
EndGlobal
